{
  "name": "good-onyx",
  "lockfileVersion": 3,
  "requires": true,
  "packages": {
    "": {
      "dependencies": {
        "@next/env": "^15.1.5"
      }
    },
    "node_modules/@next/env": {
      "version": "15.1.5",
      "resolved": "https://registry.npmjs.org/@next/env/-/env-15.1.5.tgz",
      "integrity": "sha512-jg8ygVq99W3/XXb9Y6UQsritwhjc+qeiO7QrGZRYOfviyr/HcdnhdBQu4gbp2rBIh2ZyBYTBMWbPw3JSCb0GHw==",
      "license": "MIT"
    }
  }
}
